
Microsoft Visual Studio Solution File, Format Version 12.00
# Visual Studio Version 17
VisualStudioVersion = 17.1.32328.378
MinimumVisualStudioVersion = 10.0.40219.1
Project("{FAE04EC0-301F-11D3-BF4B-00C04F79EFBC}") = "BurgerHouse", "BurgerHouse\BurgerHouse.csproj", "{BFCC1A56-BD42-4B3A-B271-A030F8AA8943}"
EndProject
Project("{FAE04EC0-301F-11D3-BF4B-00C04F79EFBC}") = "Data", "Data\Data.csproj", "{C0E0EC18-09DD-436E-B31E-C54F79FAB173}"
EndProject
Global
	GlobalSection(SolutionConfigurationPlatforms) = preSolution
		Debug|Any CPU = Debug|Any CPU
		Release|Any CPU = Release|Any CPU
	EndGlobalSection
	GlobalSection(ProjectConfigurationPlatforms) = postSolution
		{BFCC1A56-BD42-4B3A-B271-A030F8AA8943}.Debug|Any CPU.ActiveCfg = Debug|Any CPU
		{BFCC1A56-BD42-4B3A-B271-A030F8AA8943}.Debug|Any CPU.Build.0 = Debug|Any CPU
		{BFCC1A56-BD42-4B3A-B271-A030F8AA8943}.Release|Any CPU.ActiveCfg = Release|Any CPU
		{BFCC1A56-BD42-4B3A-B271-A030F8AA8943}.Release|Any CPU.Build.0 = Release|Any CPU
		{C0E0EC18-09DD-436E-B31E-C54F79FAB173}.Debug|Any CPU.ActiveCfg = Debug|Any CPU
		{C0E0EC18-09DD-436E-B31E-C54F79FAB173}.Debug|Any CPU.Build.0 = Debug|Any CPU
		{C0E0EC18-09DD-436E-B31E-C54F79FAB173}.Release|Any CPU.ActiveCfg = Release|Any CPU
		{C0E0EC18-09DD-436E-B31E-C54F79FAB173}.Release|Any CPU.Build.0 = Release|Any CPU
	EndGlobalSection
	GlobalSection(SolutionProperties) = preSolution
		HideSolutionNode = FALSE
	EndGlobalSection
	GlobalSection(ExtensibilityGlobals) = postSolution
		SolutionGuid = {27DB204F-0E19-448C-BE09-3ACC2BD80970}
	EndGlobalSection
EndGlobal
